PODS:
  - Alamofire (3.1.5)
  - Realm (0.97.0):
    - Realm/Headers (= 0.97.0)
  - Realm/Headers (0.97.0)
  - RealmSwift (0.97.0):
    - Realm (= 0.97.0)
  - SpringIndicator (1.2.1)

DEPENDENCIES:
  - Alamofire (~> 3.1.4)
  - RealmSwift (~> 0.97.0)
  - SpringIndicator

SPEC CHECKSUMS:
  Alamofire: 5f730ba29fd113b7ddd71c1e65d0c630acf5d7b0
  Realm: b498a6fb9d288b171ff98d0e2d4384c295be8990
  RealmSwift: d014810dec75c9a3f1a33926d2dabfed855c582c
  SpringIndicator: 2e66169e2595c00cc3ab34329d6bdbeab90680f0

COCOAPODS: 0.39.0
